
Microsoft Visual Studio Solution File, Format Version 12.00
# Visual Studio 15
VisualStudioVersion = 15.0.27428.2037
MinimumVisualStudioVersion = 10.0.40219.1
Project("{FAE04EC0-301F-11D3-BF4B-00C04F79EFBC}") = "PumpkinTrade", "PumpkinTrade\PumpkinTrade.csproj", "{75410D8B-8E1C-453E-A10E-4E3975BA3AAA}"
EndProject
Project("{FAE04EC0-301F-11D3-BF4B-00C04F79EFBC}") = "PumpkinTradeTests", "PumpkinTradeTests\PumpkinTradeTests.csproj", "{60CE36ED-FE58-475F-BEA8-180E2F6FF0B0}"
EndProject
Global
	GlobalSection(SolutionConfigurationPlatforms) = preSolution
		Debug|Any CPU = Debug|Any CPU
		Release|Any CPU = Release|Any CPU
	EndGlobalSection
	GlobalSection(ProjectConfigurationPlatforms) = postSolution
		{75410D8B-8E1C-453E-A10E-4E3975BA3AAA}.Debug|Any CPU.ActiveCfg = Debug|Any CPU
		{75410D8B-8E1C-453E-A10E-4E3975BA3AAA}.Debug|Any CPU.Build.0 = Debug|Any CPU
		{75410D8B-8E1C-453E-A10E-4E3975BA3AAA}.Release|Any CPU.ActiveCfg = Release|Any CPU
		{75410D8B-8E1C-453E-A10E-4E3975BA3AAA}.Release|Any CPU.Build.0 = Release|Any CPU
		{60CE36ED-FE58-475F-BEA8-180E2F6FF0B0}.Debug|Any CPU.ActiveCfg = Debug|Any CPU
		{60CE36ED-FE58-475F-BEA8-180E2F6FF0B0}.Debug|Any CPU.Build.0 = Debug|Any CPU
		{60CE36ED-FE58-475F-BEA8-180E2F6FF0B0}.Release|Any CPU.ActiveCfg = Release|Any CPU
		{60CE36ED-FE58-475F-BEA8-180E2F6FF0B0}.Release|Any CPU.Build.0 = Release|Any CPU
	EndGlobalSection
	GlobalSection(SolutionProperties) = preSolution
		HideSolutionNode = FALSE
	EndGlobalSection
	GlobalSection(ExtensibilityGlobals) = postSolution
		SolutionGuid = {76C2A340-0E60-4282-874E-CF5616C18ED2}
	EndGlobalSection
EndGlobal
